
Microsoft Visual Studio Solution File, Format Version 12.00
# Visual Studio 15
VisualStudioVersion = 15.0.28307.421
MinimumVisualStudioVersion = 10.0.40219.1
Project("{FAE04EC0-301F-11D3-BF4B-00C04F79EFBC}") = "Server_Musafak_20180140093", "Server_Musafak_20180140093\Server_Musafak_20180140093.csproj", "{852AF3A9-46EF-4FC7-97E0-4C41A36109D5}"
EndProject
Project("{FAE04EC0-301F-11D3-BF4B-00C04F79EFBC}") = "Client_Musafak_20180140093", "Client_Musafak_20180140093\Client_Musafak_20180140093.csproj", "{3BD8D731-0F4D-4287-A6D4-E94CDCEA8921}"
EndProject
Global
	GlobalSection(SolutionConfigurationPlatforms) = preSolution
		Debug|Any CPU = Debug|Any CPU
		Release|Any CPU = Release|Any CPU
	EndGlobalSection
	GlobalSection(ProjectConfigurationPlatforms) = postSolution
		{852AF3A9-46EF-4FC7-97E0-4C41A36109D5}.Debug|Any CPU.ActiveCfg = Debug|Any CPU
		{852AF3A9-46EF-4FC7-97E0-4C41A36109D5}.Debug|Any CPU.Build.0 = Debug|Any CPU
		{852AF3A9-46EF-4FC7-97E0-4C41A36109D5}.Release|Any CPU.ActiveCfg = Release|Any CPU
		{852AF3A9-46EF-4FC7-97E0-4C41A36109D5}.Release|Any CPU.Build.0 = Release|Any CPU
		{3BD8D731-0F4D-4287-A6D4-E94CDCEA8921}.Debug|Any CPU.ActiveCfg = Debug|Any CPU
		{3BD8D731-0F4D-4287-A6D4-E94CDCEA8921}.Debug|Any CPU.Build.0 = Debug|Any CPU
		{3BD8D731-0F4D-4287-A6D4-E94CDCEA8921}.Release|Any CPU.ActiveCfg = Release|Any CPU
		{3BD8D731-0F4D-4287-A6D4-E94CDCEA8921}.Release|Any CPU.Build.0 = Release|Any CPU
	EndGlobalSection
	GlobalSection(SolutionProperties) = preSolution
		HideSolutionNode = FALSE
	EndGlobalSection
	GlobalSection(ExtensibilityGlobals) = postSolution
		SolutionGuid = {39E600DC-FF00-4217-B393-3B55E0DFF5A2}
	EndGlobalSection
EndGlobal
